{
  "pins" : [
    {
      "identity" : "dtcoretext",
      "kind" : "remoteSourceControl",
      "location" : "https://github.com/Cocoanetics/DTCoreText",
      "state" : {
        "revision" : "b664664825da565b4c2b7a17dbe2369f68ae43d9",
        "version" : "1.6.26"
      }
    },
    {
      "identity" : "dtfoundation",
      "kind" : "remoteSourceControl",
      "location" : "https://github.com/Cocoanetics/DTFoundation.git",
      "state" : {
        "revision" : "76062513434421cb6c8a1ae1d4f8368a7ebc2da3",
        "version" : "1.7.18"
      }
    },
    {
      "identity" : "swift-custom-dump",
      "kind" : "remoteSourceControl",
      "location" : "https://github.com/pointfreeco/swift-custom-dump",
      "state" : {
        "revision" : "82645ec760917961cfa08c9c0c7104a57a0fa4b1",
        "version" : "1.3.3"
      }
    },
    {
      "identity" : "swift-snapshot-testing",
      "kind" : "remoteSourceControl",
      "location" : "https://github.com/pointfreeco/swift-snapshot-testing",
      "state" : {
        "revision" : "59a99c458de4d2dee580529b61b4f78dca7b7fa6",
        "version" : "1.19.4"
      }
    },
    {
      "identity" : "swift-syntax",
      "kind" : "remoteSourceControl",
      "location" : "https://github.com/swiftlang/swift-syntax",
      "state" : {
        "revision" : "4799286537280063c85a32f09884cfbca301b1a1",
        "version" : "602.0.0"
      }
    },
    {
      "identity" : "xctest-dynamic-overlay",
      "kind" : "remoteSourceControl",
      "location" : "https://github.com/pointfreeco/xctest-dynamic-overlay",
      "state" : {
        "revision" : "31073495cae9caf243c440eac94b3ab067e3d7bc",
        "version" : "1.8.0"
      }
    }
  ],
  "version" : 2
}
